
Microsoft Visual Studio Solution File, Format Version 12.00
# TcXaeShell Solution File, Format Version 11.00
VisualStudioVersion = 17.10.35827.194
MinimumVisualStudioVersion = 10.0.40219.1
Project("{B1E792BE-AA5F-4E3C-8C82-674BF9C0715B}") = "solution", "solution\solution.tsproj", "{9CF97348-B9D3-4938-B1F2-5F0B0B6AA66A}"
EndProject
Project("{23D6B0B7-CBAA-4070-A2AF-F2FCE2506A3D}") = "Drive Manager", "..\..\..\IMAT TwinSAFE Testing\IMAT-TwinSAFE-Development\Drive Manager\Drive Manager.tcdmproj", "{EDB1F68C-CBA9-4F07-BA3A-5C6D36468DCA}"
EndProject
Global
	GlobalSection(SolutionConfigurationPlatforms) = preSolution
		Debug|TwinCAT CE7 (ARMV7) = Debug|TwinCAT CE7 (ARMV7)
		Debug|TwinCAT HMI = Debug|TwinCAT HMI
		Debug|TwinCAT OS (ARMT2) = Debug|TwinCAT OS (ARMT2)
		Debug|TwinCAT OS (ARMV7-A) = Debug|TwinCAT OS (ARMV7-A)
		Debug|TwinCAT OS (ARMV7-M) = Debug|TwinCAT OS (ARMV7-M)
		Debug|TwinCAT OS (ARMV8-A) = Debug|TwinCAT OS (ARMV8-A)
		Debug|TwinCAT OS (x64) = Debug|TwinCAT OS (x64)
		Debug|TwinCAT OS (x64-E) = Debug|TwinCAT OS (x64-E)
		Debug|TwinCAT RT (x64) = Debug|TwinCAT RT (x64)
		Debug|TwinCAT RT (x86) = Debug|TwinCAT RT (x86)
		Release|TwinCAT CE7 (ARMV7) = Release|TwinCAT CE7 (ARMV7)
		Release|TwinCAT HMI = Release|TwinCAT HMI
		Release|TwinCAT OS (ARMT2) = Release|TwinCAT OS (ARMT2)
		Release|TwinCAT OS (ARMV7-A) = Release|TwinCAT OS (ARMV7-A)
		Release|TwinCAT OS (ARMV7-M) = Release|TwinCAT OS (ARMV7-M)
		Release|TwinCAT OS (ARMV8-A) = Release|TwinCAT OS (ARMV8-A)
		Release|TwinCAT OS (x64) = Release|TwinCAT OS (x64)
		Release|TwinCAT OS (x64-E) = Release|TwinCAT OS (x64-E)
		Release|TwinCAT RT (x64) = Release|TwinCAT RT (x64)
		Release|TwinCAT RT (x86) = Release|TwinCAT RT (x86)
	EndGlobalSection
	GlobalSection(ProjectConfigurationPlatforms) = postSolution
		{9CF97348-B9D3-4938-B1F2-5F0B0B6AA66A}.Debug|TwinCAT CE7 (ARMV7).ActiveCfg = Debug|TwinCAT CE7 (ARMV7)
		{9CF97348-B9D3-4938-B1F2-5F0B0B6AA66A}.Debug|TwinCAT CE7 (ARMV7).Build.0 = Debug|TwinCAT CE7 (ARMV7)
		{9CF97348-B9D3-4938-B1F2-5F0B0B6AA66A}.Debug|TwinCAT HMI.ActiveCfg = Debug|TwinCAT RT (x64)
		{9CF97348-B9D3-4938-B1F2-5F0B0B6AA66A}.Debug|TwinCAT HMI.Build.0 = Debug|TwinCAT RT (x64)
		{9CF97348-B9D3-4938-B1F2-5F0B0B6AA66A}.Debug|TwinCAT OS (ARMT2).ActiveCfg = Debug|TwinCAT OS (ARMV8-A)
		{9CF97348-B9D3-4938-B1F2-5F0B0B6AA66A}.Debug|TwinCAT OS (ARMV7-A).ActiveCfg = Debug|TwinCAT OS (ARMV7-A)
		{9CF97348-B9D3-4938-B1F2-5F0B0B6AA66A}.Debug|TwinCAT OS (ARMV7-A).Build.0 = Debug|TwinCAT OS (ARMV7-A)
		{9CF97348-B9D3-4938-B1F2-5F0B0B6AA66A}.Debug|TwinCAT OS (ARMV7-M).ActiveCfg = Debug|TwinCAT OS (ARMV7-M)
		{9CF97348-B9D3-4938-B1F2-5F0B0B6AA66A}.Debug|TwinCAT OS (ARMV7-M).Build.0 = Debug|TwinCAT OS (ARMV7-M)
		{9CF97348-B9D3-4938-B1F2-5F0B0B6AA66A}.Debug|TwinCAT OS (ARMV8-A).ActiveCfg = Debug|TwinCAT OS (ARMV8-A)
		{9CF97348-B9D3-4938-B1F2-5F0B0B6AA66A}.Debug|TwinCAT OS (ARMV8-A).Build.0 = Debug|TwinCAT OS (ARMV8-A)
		{9CF97348-B9D3-4938-B1F2-5F0B0B6AA66A}.Debug|TwinCAT OS (x64).ActiveCfg = Debug|TwinCAT OS (x64)
		{9CF97348-B9D3-4938-B1F2-5F0B0B6AA66A}.Debug|TwinCAT OS (x64).Build.0 = Debug|TwinCAT OS (x64)
		{9CF97348-B9D3-4938-B1F2-5F0B0B6AA66A}.Debug|TwinCAT OS (x64-E).ActiveCfg = Debug|TwinCAT OS (x64-E)
		{9CF97348-B9D3-4938-B1F2-5F0B0B6AA66A}.Debug|TwinCAT OS (x64-E).Build.0 = Debug|TwinCAT OS (x64-E)
		{9CF97348-B9D3-4938-B1F2-5F0B0B6AA66A}.Debug|TwinCAT RT (x64).ActiveCfg = Debug|TwinCAT RT (x64)
		{9CF97348-B9D3-4938-B1F2-5F0B0B6AA66A}.Debug|TwinCAT RT (x64).Build.0 = Debug|TwinCAT RT (x64)
		{9CF97348-B9D3-4938-B1F2-5F0B0B6AA66A}.Debug|TwinCAT RT (x86).ActiveCfg = Debug|TwinCAT RT (x86)
		{9CF97348-B9D3-4938-B1F2-5F0B0B6AA66A}.Debug|TwinCAT RT (x86).Build.0 = Debug|TwinCAT RT (x86)
		{9CF97348-B9D3-4938-B1F2-5F0B0B6AA66A}.Release|TwinCAT CE7 (ARMV7).ActiveCfg = Release|TwinCAT CE7 (ARMV7)
		{9CF97348-B9D3-4938-B1F2-5F0B0B6AA66A}.Release|TwinCAT CE7 (ARMV7).Build.0 = Release|TwinCAT CE7 (ARMV7)
		{9CF97348-B9D3-4938-B1F2-5F0B0B6AA66A}.Release|TwinCAT HMI.ActiveCfg = Release|TwinCAT RT (x64)
		{9CF97348-B9D3-4938-B1F2-5F0B0B6AA66A}.Release|TwinCAT HMI.Build.0 = Release|TwinCAT RT (x64)
		{9CF97348-B9D3-4938-B1F2-5F0B0B6AA66A}.Release|TwinCAT OS (ARMT2).ActiveCfg = Release|TwinCAT OS (ARMV8-A)
		{9CF97348-B9D3-4938-B1F2-5F0B0B6AA66A}.Release|TwinCAT OS (ARMV7-A).ActiveCfg = Release|TwinCAT OS (ARMV7-A)
		{9CF97348-B9D3-4938-B1F2-5F0B0B6AA66A}.Release|TwinCAT OS (ARMV7-A).Build.0 = Release|TwinCAT OS (ARMV7-A)
		{9CF97348-B9D3-4938-B1F2-5F0B0B6AA66A}.Release|TwinCAT OS (ARMV7-M).ActiveCfg = Release|TwinCAT OS (ARMV7-M)
		{9CF97348-B9D3-4938-B1F2-5F0B0B6AA66A}.Release|TwinCAT OS (ARMV7-M).Build.0 = Release|TwinCAT OS (ARMV7-M)
		{9CF97348-B9D3-4938-B1F2-5F0B0B6AA66A}.Release|TwinCAT OS (ARMV8-A).ActiveCfg = Release|TwinCAT OS (ARMV8-A)
		{9CF97348-B9D3-4938-B1F2-5F0B0B6AA66A}.Release|TwinCAT OS (ARMV8-A).Build.0 = Release|TwinCAT OS (ARMV8-A)
		{9CF97348-B9D3-4938-B1F2-5F0B0B6AA66A}.Release|TwinCAT OS (x64).ActiveCfg = Release|TwinCAT OS (x64)
		{9CF97348-B9D3-4938-B1F2-5F0B0B6AA66A}.Release|TwinCAT OS (x64).Build.0 = Release|TwinCAT OS (x64)
		{9CF97348-B9D3-4938-B1F2-5F0B0B6AA66A}.Release|TwinCAT OS (x64-E).ActiveCfg = Release|TwinCAT OS (x64-E)
		{9CF97348-B9D3-4938-B1F2-5F0B0B6AA66A}.Release|TwinCAT OS (x64-E).Build.0 = Release|TwinCAT OS (x64-E)
		{9CF97348-B9D3-4938-B1F2-5F0B0B6AA66A}.Release|TwinCAT RT (x64).ActiveCfg = Release|TwinCAT RT (x64)
		{9CF97348-B9D3-4938-B1F2-5F0B0B6AA66A}.Release|TwinCAT RT (x64).Build.0 = Release|TwinCAT RT (x64)
		{9CF97348-B9D3-4938-B1F2-5F0B0B6AA66A}.Release|TwinCAT RT (x86).ActiveCfg = Release|TwinCAT RT (x86)
		{9CF97348-B9D3-4938-B1F2-5F0B0B6AA66A}.Release|TwinCAT RT (x86).Build.0 = Release|TwinCAT RT (x86)
		{FB261665-FD20-4BF2-97F8-2854C82B752D}.Debug|TwinCAT CE7 (ARMV7).ActiveCfg = Debug|TwinCAT CE7 (ARMV7)
		{FB261665-FD20-4BF2-97F8-2854C82B752D}.Debug|TwinCAT CE7 (ARMV7).Build.0 = Debug|TwinCAT CE7 (ARMV7)
		{FB261665-FD20-4BF2-97F8-2854C82B752D}.Debug|TwinCAT HMI.ActiveCfg = Debug|TwinCAT RT (x64)
		{FB261665-FD20-4BF2-97F8-2854C82B752D}.Debug|TwinCAT HMI.Build.0 = Debug|TwinCAT RT (x64)
		{FB261665-FD20-4BF2-97F8-2854C82B752D}.Debug|TwinCAT OS (ARMT2).ActiveCfg = Debug|TwinCAT OS (ARMV8-A)
		{FB261665-FD20-4BF2-97F8-2854C82B752D}.Debug|TwinCAT OS (ARMV7-A).ActiveCfg = Debug|TwinCAT OS (ARMV7-A)
		{FB261665-FD20-4BF2-97F8-2854C82B752D}.Debug|TwinCAT OS (ARMV7-A).Build.0 = Debug|TwinCAT OS (ARMV7-A)
		{FB261665-FD20-4BF2-97F8-2854C82B752D}.Debug|TwinCAT OS (ARMV7-M).ActiveCfg = Debug|TwinCAT OS (ARMV7-M)
		{FB261665-FD20-4BF2-97F8-2854C82B752D}.Debug|TwinCAT OS (ARMV7-M).Build.0 = Debug|TwinCAT OS (ARMV7-M)
		{FB261665-FD20-4BF2-97F8-2854C82B752D}.Debug|TwinCAT OS (ARMV8-A).ActiveCfg = Debug|TwinCAT OS (ARMV8-A)
		{FB261665-FD20-4BF2-97F8-2854C82B752D}.Debug|TwinCAT OS (ARMV8-A).Build.0 = Debug|TwinCAT OS (ARMV8-A)
		{FB261665-FD20-4BF2-97F8-2854C82B752D}.Debug|TwinCAT OS (x64).ActiveCfg = Debug|TwinCAT OS (x64)
		{FB261665-FD20-4BF2-97F8-2854C82B752D}.Debug|TwinCAT OS (x64).Build.0 = Debug|TwinCAT OS (x64)
		{FB261665-FD20-4BF2-97F8-2854C82B752D}.Debug|TwinCAT OS (x64-E).ActiveCfg = Debug|TwinCAT OS (x64-E)
		{FB261665-FD20-4BF2-97F8-2854C82B752D}.Debug|TwinCAT OS (x64-E).Build.0 = Debug|TwinCAT OS (x64-E)
		{FB261665-FD20-4BF2-97F8-2854C82B752D}.Debug|TwinCAT RT (x64).ActiveCfg = Debug|TwinCAT RT (x64)
		{FB261665-FD20-4BF2-97F8-2854C82B752D}.Debug|TwinCAT RT (x64).Build.0 = Debug|TwinCAT RT (x64)
		{FB261665-FD20-4BF2-97F8-2854C82B752D}.Debug|TwinCAT RT (x86).ActiveCfg = Debug|TwinCAT RT (x86)
		{FB261665-FD20-4BF2-97F8-2854C82B752D}.Debug|TwinCAT RT (x86).Build.0 = Debug|TwinCAT RT (x86)
		{FB261665-FD20-4BF2-97F8-2854C82B752D}.Release|TwinCAT CE7 (ARMV7).ActiveCfg = Release|TwinCAT CE7 (ARMV7)
		{FB261665-FD20-4BF2-97F8-2854C82B752D}.Release|TwinCAT CE7 (ARMV7).Build.0 = Release|TwinCAT CE7 (ARMV7)
		{FB261665-FD20-4BF2-97F8-2854C82B752D}.Release|TwinCAT HMI.ActiveCfg = Release|TwinCAT RT (x64)
		{FB261665-FD20-4BF2-97F8-2854C82B752D}.Release|TwinCAT HMI.Build.0 = Release|TwinCAT RT (x64)
		{FB261665-FD20-4BF2-97F8-2854C82B752D}.Release|TwinCAT OS (ARMT2).ActiveCfg = Release|TwinCAT OS (ARMV8-A)
		{FB261665-FD20-4BF2-97F8-2854C82B752D}.Release|TwinCAT OS (ARMV7-A).ActiveCfg = Release|TwinCAT OS (ARMV7-A)
		{FB261665-FD20-4BF2-97F8-2854C82B752D}.Release|TwinCAT OS (ARMV7-A).Build.0 = Release|TwinCAT OS (ARMV7-A)
		{FB261665-FD20-4BF2-97F8-2854C82B752D}.Release|TwinCAT OS (ARMV7-M).ActiveCfg = Release|TwinCAT OS (ARMV7-M)
		{FB261665-FD20-4BF2-97F8-2854C82B752D}.Release|TwinCAT OS (ARMV7-M).Build.0 = Release|TwinCAT OS (ARMV7-M)
		{FB261665-FD20-4BF2-97F8-2854C82B752D}.Release|TwinCAT OS (ARMV8-A).ActiveCfg = Release|TwinCAT OS (ARMV8-A)
		{FB261665-FD20-4BF2-97F8-2854C82B752D}.Release|TwinCAT OS (ARMV8-A).Build.0 = Release|TwinCAT OS (ARMV8-A)
		{FB261665-FD20-4BF2-97F8-2854C82B752D}.Release|TwinCAT OS (x64).ActiveCfg = Release|TwinCAT OS (x64)
		{FB261665-FD20-4BF2-97F8-2854C82B752D}.Release|TwinCAT OS (x64).Build.0 = Release|TwinCAT OS (x64)
		{FB261665-FD20-4BF2-97F8-2854C82B752D}.Release|TwinCAT OS (x64-E).ActiveCfg = Release|TwinCAT OS (x64-E)
		{FB261665-FD20-4BF2-97F8-2854C82B752D}.Release|TwinCAT OS (x64-E).Build.0 = Release|TwinCAT OS (x64-E)
		{FB261665-FD20-4BF2-97F8-2854C82B752D}.Release|TwinCAT RT (x64).ActiveCfg = Release|TwinCAT RT (x64)
		{FB261665-FD20-4BF2-97F8-2854C82B752D}.Release|TwinCAT RT (x64).Build.0 = Release|TwinCAT RT (x64)
		{FB261665-FD20-4BF2-97F8-2854C82B752D}.Release|TwinCAT RT (x86).ActiveCfg = Release|TwinCAT RT (x86)
		{FB261665-FD20-4BF2-97F8-2854C82B752D}.Release|TwinCAT RT (x86).Build.0 = Release|TwinCAT RT (x86)
		{740709E7-8895-4B06-BC78-1354BB0464EE}.Debug|TwinCAT CE7 (ARMV7).ActiveCfg = Debug|TwinCAT CE7 (ARMV7)
		{740709E7-8895-4B06-BC78-1354BB0464EE}.Debug|TwinCAT CE7 (ARMV7).Build.0 = Debug|TwinCAT CE7 (ARMV7)
		{740709E7-8895-4B06-BC78-1354BB0464EE}.Debug|TwinCAT HMI.ActiveCfg = Debug|TwinCAT RT (x64)
		{740709E7-8895-4B06-BC78-1354BB0464EE}.Debug|TwinCAT HMI.Build.0 = Debug|TwinCAT RT (x64)
		{740709E7-8895-4B06-BC78-1354BB0464EE}.Debug|TwinCAT OS (ARMT2).ActiveCfg = Debug|TwinCAT OS (x64-E)
		{740709E7-8895-4B06-BC78-1354BB0464EE}.Debug|TwinCAT OS (ARMT2).Build.0 = Debug|TwinCAT OS (x64-E)
		{740709E7-8895-4B06-BC78-1354BB0464EE}.Debug|TwinCAT OS (ARMV7-A).ActiveCfg = Debug|TwinCAT OS (ARMV7-A)
		{740709E7-8895-4B06-BC78-1354BB0464EE}.Debug|TwinCAT OS (ARMV7-A).Build.0 = Debug|TwinCAT OS (ARMV7-A)
		{740709E7-8895-4B06-BC78-1354BB0464EE}.Debug|TwinCAT OS (ARMV7-M).ActiveCfg = Debug|TwinCAT OS (ARMV7-M)
		{740709E7-8895-4B06-BC78-1354BB0464EE}.Debug|TwinCAT OS (ARMV7-M).Build.0 = Debug|TwinCAT OS (ARMV7-M)
		{740709E7-8895-4B06-BC78-1354BB0464EE}.Debug|TwinCAT OS (ARMV8-A).ActiveCfg = Debug|TwinCAT OS (ARMV8-A)
		{740709E7-8895-4B06-BC78-1354BB0464EE}.Debug|TwinCAT OS (ARMV8-A).Build.0 = Debug|TwinCAT OS (ARMV8-A)
		{740709E7-8895-4B06-BC78-1354BB0464EE}.Debug|TwinCAT OS (x64).ActiveCfg = Debug|TwinCAT OS (x64)
		{740709E7-8895-4B06-BC78-1354BB0464EE}.Debug|TwinCAT OS (x64).Build.0 = Debug|TwinCAT OS (x64)
		{740709E7-8895-4B06-BC78-1354BB0464EE}.Debug|TwinCAT OS (x64-E).ActiveCfg = Debug|TwinCAT OS (x64-E)
		{740709E7-8895-4B06-BC78-1354BB0464EE}.Debug|TwinCAT OS (x64-E).Build.0 = Debug|TwinCAT OS (x64-E)
		{740709E7-8895-4B06-BC78-1354BB0464EE}.Debug|TwinCAT RT (x64).ActiveCfg = Debug|TwinCAT RT (x64)
		{740709E7-8895-4B06-BC78-1354BB0464EE}.Debug|TwinCAT RT (x64).Build.0 = Debug|TwinCAT RT (x64)
		{740709E7-8895-4B06-BC78-1354BB0464EE}.Debug|TwinCAT RT (x86).ActiveCfg = Debug|TwinCAT RT (x86)
		{740709E7-8895-4B06-BC78-1354BB0464EE}.Debug|TwinCAT RT (x86).Build.0 = Debug|TwinCAT RT (x86)
		{740709E7-8895-4B06-BC78-1354BB0464EE}.Release|TwinCAT CE7 (ARMV7).ActiveCfg = Release|TwinCAT CE7 (ARMV7)
		{740709E7-8895-4B06-BC78-1354BB0464EE}.Release|TwinCAT CE7 (ARMV7).Build.0 = Release|TwinCAT CE7 (ARMV7)
		{740709E7-8895-4B06-BC78-1354BB0464EE}.Release|TwinCAT HMI.ActiveCfg = Release|TwinCAT RT (x64)
		{740709E7-8895-4B06-BC78-1354BB0464EE}.Release|TwinCAT HMI.Build.0 = Release|TwinCAT RT (x64)
		{740709E7-8895-4B06-BC78-1354BB0464EE}.Release|TwinCAT OS (ARMT2).ActiveCfg = Release|TwinCAT OS (x64-E)
		{740709E7-8895-4B06-BC78-1354BB0464EE}.Release|TwinCAT OS (ARMT2).Build.0 = Release|TwinCAT OS (x64-E)
		{740709E7-8895-4B06-BC78-1354BB0464EE}.Release|TwinCAT OS (ARMV7-A).ActiveCfg = Release|TwinCAT OS (ARMV7-A)
		{740709E7-8895-4B06-BC78-1354BB0464EE}.Release|TwinCAT OS (ARMV7-A).Build.0 = Release|TwinCAT OS (ARMV7-A)
		{740709E7-8895-4B06-BC78-1354BB0464EE}.Release|TwinCAT OS (ARMV7-M).ActiveCfg = Release|TwinCAT OS (ARMV7-M)
		{740709E7-8895-4B06-BC78-1354BB0464EE}.Release|TwinCAT OS (ARMV7-M).Build.0 = Release|TwinCAT OS (ARMV7-M)
		{740709E7-8895-4B06-BC78-1354BB0464EE}.Release|TwinCAT OS (ARMV8-A).ActiveCfg = Release|TwinCAT OS (ARMV8-A)
		{740709E7-8895-4B06-BC78-1354BB0464EE}.Release|TwinCAT OS (ARMV8-A).Build.0 = Release|TwinCAT OS (ARMV8-A)
		{740709E7-8895-4B06-BC78-1354BB0464EE}.Release|TwinCAT OS (x64).ActiveCfg = Release|TwinCAT OS (x64)
		{740709E7-8895-4B06-BC78-1354BB0464EE}.Release|TwinCAT OS (x64).Build.0 = Release|TwinCAT OS (x64)
		{740709E7-8895-4B06-BC78-1354BB0464EE}.Release|TwinCAT OS (x64-E).ActiveCfg = Release|TwinCAT OS (x64-E)
		{740709E7-8895-4B06-BC78-1354BB0464EE}.Release|TwinCAT OS (x64-E).Build.0 = Release|TwinCAT OS (x64-E)
		{740709E7-8895-4B06-BC78-1354BB0464EE}.Release|TwinCAT RT (x64).ActiveCfg = Release|TwinCAT RT (x64)
		{740709E7-8895-4B06-BC78-1354BB0464EE}.Release|TwinCAT RT (x64).Build.0 = Release|TwinCAT RT (x64)
		{740709E7-8895-4B06-BC78-1354BB0464EE}.Release|TwinCAT RT (x86).ActiveCfg = Release|TwinCAT RT (x86)
		{740709E7-8895-4B06-BC78-1354BB0464EE}.Release|TwinCAT RT (x86).Build.0 = Release|TwinCAT RT (x86)
		{19791745-2670-46FB-8FB2-9F4477A8FE80}.Debug|TwinCAT CE7 (ARMV7).ActiveCfg = Debug|TwinCAT CE7 (ARMV7)
		{19791745-2670-46FB-8FB2-9F4477A8FE80}.Debug|TwinCAT CE7 (ARMV7).Build.0 = Debug|TwinCAT CE7 (ARMV7)
		{19791745-2670-46FB-8FB2-9F4477A8FE80}.Debug|TwinCAT HMI.ActiveCfg = Debug|TwinCAT RT (x64)
		{19791745-2670-46FB-8FB2-9F4477A8FE80}.Debug|TwinCAT HMI.Build.0 = Debug|TwinCAT RT (x64)
		{19791745-2670-46FB-8FB2-9F4477A8FE80}.Debug|TwinCAT OS (ARMT2).ActiveCfg = Debug|TwinCAT OS (x64-E)
		{19791745-2670-46FB-8FB2-9F4477A8FE80}.Debug|TwinCAT OS (ARMT2).Build.0 = Debug|TwinCAT OS (x64-E)
		{19791745-2670-46FB-8FB2-9F4477A8FE80}.Debug|TwinCAT OS (ARMV7-A).ActiveCfg = Debug|TwinCAT OS (ARMV7-A)
		{19791745-2670-46FB-8FB2-9F4477A8FE80}.Debug|TwinCAT OS (ARMV7-A).Build.0 = Debug|TwinCAT OS (ARMV7-A)
		{19791745-2670-46FB-8FB2-9F4477A8FE80}.Debug|TwinCAT OS (ARMV7-M).ActiveCfg = Debug|TwinCAT OS (ARMV7-M)
		{19791745-2670-46FB-8FB2-9F4477A8FE80}.Debug|TwinCAT OS (ARMV7-M).Build.0 = Debug|TwinCAT OS (ARMV7-M)
		{19791745-2670-46FB-8FB2-9F4477A8FE80}.Debug|TwinCAT OS (ARMV8-A).ActiveCfg = Debug|TwinCAT OS (ARMV8-A)
		{19791745-2670-46FB-8FB2-9F4477A8FE80}.Debug|TwinCAT OS (ARMV8-A).Build.0 = Debug|TwinCAT OS (ARMV8-A)
		{19791745-2670-46FB-8FB2-9F4477A8FE80}.Debug|TwinCAT OS (x64).ActiveCfg = Debug|TwinCAT OS (x64)
		{19791745-2670-46FB-8FB2-9F4477A8FE80}.Debug|TwinCAT OS (x64).Build.0 = Debug|TwinCAT OS (x64)
		{19791745-2670-46FB-8FB2-9F4477A8FE80}.Debug|TwinCAT OS (x64-E).ActiveCfg = Debug|TwinCAT OS (x64-E)
		{19791745-2670-46FB-8FB2-9F4477A8FE80}.Debug|TwinCAT OS (x64-E).Build.0 = Debug|TwinCAT OS (x64-E)
		{19791745-2670-46FB-8FB2-9F4477A8FE80}.Debug|TwinCAT RT (x64).ActiveCfg = Debug|TwinCAT RT (x64)
		{19791745-2670-46FB-8FB2-9F4477A8FE80}.Debug|TwinCAT RT (x64).Build.0 = Debug|TwinCAT RT (x64)
		{19791745-2670-46FB-8FB2-9F4477A8FE80}.Debug|TwinCAT RT (x86).ActiveCfg = Debug|TwinCAT RT (x86)
		{19791745-2670-46FB-8FB2-9F4477A8FE80}.Debug|TwinCAT RT (x86).Build.0 = Debug|TwinCAT RT (x86)
		{19791745-2670-46FB-8FB2-9F4477A8FE80}.Release|TwinCAT CE7 (ARMV7).ActiveCfg = Release|TwinCAT CE7 (ARMV7)
		{19791745-2670-46FB-8FB2-9F4477A8FE80}.Release|TwinCAT CE7 (ARMV7).Build.0 = Release|TwinCAT CE7 (ARMV7)
		{19791745-2670-46FB-8FB2-9F4477A8FE80}.Release|TwinCAT HMI.ActiveCfg = Release|TwinCAT RT (x64)
		{19791745-2670-46FB-8FB2-9F4477A8FE80}.Release|TwinCAT HMI.Build.0 = Release|TwinCAT RT (x64)
		{19791745-2670-46FB-8FB2-9F4477A8FE80}.Release|TwinCAT OS (ARMT2).ActiveCfg = Release|TwinCAT OS (x64-E)
		{19791745-2670-46FB-8FB2-9F4477A8FE80}.Release|TwinCAT OS (ARMT2).Build.0 = Release|TwinCAT OS (x64-E)
		{19791745-2670-46FB-8FB2-9F4477A8FE80}.Release|TwinCAT OS (ARMV7-A).ActiveCfg = Release|TwinCAT OS (ARMV7-A)
		{19791745-2670-46FB-8FB2-9F4477A8FE80}.Release|TwinCAT OS (ARMV7-A).Build.0 = Release|TwinCAT OS (ARMV7-A)
		{19791745-2670-46FB-8FB2-9F4477A8FE80}.Release|TwinCAT OS (ARMV7-M).ActiveCfg = Release|TwinCAT OS (ARMV7-M)
		{19791745-2670-46FB-8FB2-9F4477A8FE80}.Release|TwinCAT OS (ARMV7-M).Build.0 = Release|TwinCAT OS (ARMV7-M)
		{19791745-2670-46FB-8FB2-9F4477A8FE80}.Release|TwinCAT OS (ARMV8-A).ActiveCfg = Release|TwinCAT OS (ARMV8-A)
		{19791745-2670-46FB-8FB2-9F4477A8FE80}.Release|TwinCAT OS (ARMV8-A).Build.0 = Release|TwinCAT OS (ARMV8-A)
		{19791745-2670-46FB-8FB2-9F4477A8FE80}.Release|TwinCAT OS (x64).ActiveCfg = Release|TwinCAT OS (x64)
		{19791745-2670-46FB-8FB2-9F4477A8FE80}.Release|TwinCAT OS (x64).Build.0 = Release|TwinCAT OS (x64)
		{19791745-2670-46FB-8FB2-9F4477A8FE80}.Release|TwinCAT OS (x64-E).ActiveCfg = Release|TwinCAT OS (x64-E)
		{19791745-2670-46FB-8FB2-9F4477A8FE80}.Release|TwinCAT OS (x64-E).Build.0 = Release|TwinCAT OS (x64-E)
		{19791745-2670-46FB-8FB2-9F4477A8FE80}.Release|TwinCAT RT (x64).ActiveCfg = Release|TwinCAT RT (x64)
		{19791745-2670-46FB-8FB2-9F4477A8FE80}.Release|TwinCAT RT (x64).Build.0 = Release|TwinCAT RT (x64)
		{19791745-2670-46FB-8FB2-9F4477A8FE80}.Release|TwinCAT RT (x86).ActiveCfg = Release|TwinCAT RT (x86)
		{19791745-2670-46FB-8FB2-9F4477A8FE80}.Release|TwinCAT RT (x86).Build.0 = Release|TwinCAT RT (x86)
		{B1293DA7-AEDF-401B-8642-964F4CE99DB3}.Debug|TwinCAT CE7 (ARMV7).ActiveCfg = Debug|TwinCAT CE7 (ARMV7)
		{B1293DA7-AEDF-401B-8642-964F4CE99DB3}.Debug|TwinCAT CE7 (ARMV7).Build.0 = Debug|TwinCAT CE7 (ARMV7)
		{B1293DA7-AEDF-401B-8642-964F4CE99DB3}.Debug|TwinCAT HMI.ActiveCfg = Debug|TwinCAT RT (x64)
		{B1293DA7-AEDF-401B-8642-964F4CE99DB3}.Debug|TwinCAT HMI.Build.0 = Debug|TwinCAT RT (x64)
		{B1293DA7-AEDF-401B-8642-964F4CE99DB3}.Debug|TwinCAT OS (ARMT2).ActiveCfg = Debug|TwinCAT OS (x64-E)
		{B1293DA7-AEDF-401B-8642-964F4CE99DB3}.Debug|TwinCAT OS (ARMT2).Build.0 = Debug|TwinCAT OS (x64-E)
		{B1293DA7-AEDF-401B-8642-964F4CE99DB3}.Debug|TwinCAT OS (ARMV7-A).ActiveCfg = Debug|TwinCAT OS (ARMV7-A)
		{B1293DA7-AEDF-401B-8642-964F4CE99DB3}.Debug|TwinCAT OS (ARMV7-A).Build.0 = Debug|TwinCAT OS (ARMV7-A)
		{B1293DA7-AEDF-401B-8642-964F4CE99DB3}.Debug|TwinCAT OS (ARMV7-M).ActiveCfg = Debug|TwinCAT OS (ARMV7-M)
		{B1293DA7-AEDF-401B-8642-964F4CE99DB3}.Debug|TwinCAT OS (ARMV7-M).Build.0 = Debug|TwinCAT OS (ARMV7-M)
		{B1293DA7-AEDF-401B-8642-964F4CE99DB3}.Debug|TwinCAT OS (ARMV8-A).ActiveCfg = Debug|TwinCAT OS (ARMV8-A)
		{B1293DA7-AEDF-401B-8642-964F4CE99DB3}.Debug|TwinCAT OS (ARMV8-A).Build.0 = Debug|TwinCAT OS (ARMV8-A)
		{B1293DA7-AEDF-401B-8642-964F4CE99DB3}.Debug|TwinCAT OS (x64).ActiveCfg = Debug|TwinCAT OS (x64)
		{B1293DA7-AEDF-401B-8642-964F4CE99DB3}.Debug|TwinCAT OS (x64).Build.0 = Debug|TwinCAT OS (x64)
		{B1293DA7-AEDF-401B-8642-964F4CE99DB3}.Debug|TwinCAT OS (x64-E).ActiveCfg = Debug|TwinCAT OS (x64-E)
		{B1293DA7-AEDF-401B-8642-964F4CE99DB3}.Debug|TwinCAT OS (x64-E).Build.0 = Debug|TwinCAT OS (x64-E)
		{B1293DA7-AEDF-401B-8642-964F4CE99DB3}.Debug|TwinCAT RT (x64).ActiveCfg = Debug|TwinCAT RT (x64)
		{B1293DA7-AEDF-401B-8642-964F4CE99DB3}.Debug|TwinCAT RT (x64).Build.0 = Debug|TwinCAT RT (x64)
		{B1293DA7-AEDF-401B-8642-964F4CE99DB3}.Debug|TwinCAT RT (x86).ActiveCfg = Debug|TwinCAT RT (x86)
		{B1293DA7-AEDF-401B-8642-964F4CE99DB3}.Debug|TwinCAT RT (x86).Build.0 = Debug|TwinCAT RT (x86)
		{B1293DA7-AEDF-401B-8642-964F4CE99DB3}.Release|TwinCAT CE7 (ARMV7).ActiveCfg = Release|TwinCAT CE7 (ARMV7)
		{B1293DA7-AEDF-401B-8642-964F4CE99DB3}.Release|TwinCAT CE7 (ARMV7).Build.0 = Release|TwinCAT CE7 (ARMV7)
		{B1293DA7-AEDF-401B-8642-964F4CE99DB3}.Release|TwinCAT HMI.ActiveCfg = Release|TwinCAT RT (x64)
		{B1293DA7-AEDF-401B-8642-964F4CE99DB3}.Release|TwinCAT HMI.Build.0 = Release|TwinCAT RT (x64)
		{B1293DA7-AEDF-401B-8642-964F4CE99DB3}.Release|TwinCAT OS (ARMT2).ActiveCfg = Release|TwinCAT OS (x64-E)
		{B1293DA7-AEDF-401B-8642-964F4CE99DB3}.Release|TwinCAT OS (ARMT2).Build.0 = Release|TwinCAT OS (x64-E)
		{B1293DA7-AEDF-401B-8642-964F4CE99DB3}.Release|TwinCAT OS (ARMV7-A).ActiveCfg = Release|TwinCAT OS (ARMV7-A)
		{B1293DA7-AEDF-401B-8642-964F4CE99DB3}.Release|TwinCAT OS (ARMV7-A).Build.0 = Release|TwinCAT OS (ARMV7-A)
		{B1293DA7-AEDF-401B-8642-964F4CE99DB3}.Release|TwinCAT OS (ARMV7-M).ActiveCfg = Release|TwinCAT OS (ARMV7-M)
		{B1293DA7-AEDF-401B-8642-964F4CE99DB3}.Release|TwinCAT OS (ARMV7-M).Build.0 = Release|TwinCAT OS (ARMV7-M)
		{B1293DA7-AEDF-401B-8642-964F4CE99DB3}.Release|TwinCAT OS (ARMV8-A).ActiveCfg = Release|TwinCAT OS (ARMV8-A)
		{B1293DA7-AEDF-401B-8642-964F4CE99DB3}.Release|TwinCAT OS (ARMV8-A).Build.0 = Release|TwinCAT OS (ARMV8-A)
		{B1293DA7-AEDF-401B-8642-964F4CE99DB3}.Release|TwinCAT OS (x64).ActiveCfg = Release|TwinCAT OS (x64)
		{B1293DA7-AEDF-401B-8642-964F4CE99DB3}.Release|TwinCAT OS (x64).Build.0 = Release|TwinCAT OS (x64)
		{B1293DA7-AEDF-401B-8642-964F4CE99DB3}.Release|TwinCAT OS (x64-E).ActiveCfg = Release|TwinCAT OS (x64-E)
		{B1293DA7-AEDF-401B-8642-964F4CE99DB3}.Release|TwinCAT OS (x64-E).Build.0 = Release|TwinCAT OS (x64-E)
		{B1293DA7-AEDF-401B-8642-964F4CE99DB3}.Release|TwinCAT RT (x64).ActiveCfg = Release|TwinCAT RT (x64)
		{B1293DA7-AEDF-401B-8642-964F4CE99DB3}.Release|TwinCAT RT (x64).Build.0 = Release|TwinCAT RT (x64)
		{B1293DA7-AEDF-401B-8642-964F4CE99DB3}.Release|TwinCAT RT (x86).ActiveCfg = Release|TwinCAT RT (x86)
		{B1293DA7-AEDF-401B-8642-964F4CE99DB3}.Release|TwinCAT RT (x86).Build.0 = Release|TwinCAT RT (x86)
		{3171212D-8FA0-4A50-924F-360007545BAB}.Debug|TwinCAT CE7 (ARMV7).ActiveCfg = Debug|TwinCAT CE7 (ARMV7)
		{3171212D-8FA0-4A50-924F-360007545BAB}.Debug|TwinCAT CE7 (ARMV7).Build.0 = Debug|TwinCAT CE7 (ARMV7)
		{3171212D-8FA0-4A50-924F-360007545BAB}.Debug|TwinCAT HMI.ActiveCfg = Debug|TwinCAT RT (x64)
		{3171212D-8FA0-4A50-924F-360007545BAB}.Debug|TwinCAT HMI.Build.0 = Debug|TwinCAT RT (x64)
		{3171212D-8FA0-4A50-924F-360007545BAB}.Debug|TwinCAT OS (ARMT2).ActiveCfg = Debug|TwinCAT OS (x64-E)
		{3171212D-8FA0-4A50-924F-360007545BAB}.Debug|TwinCAT OS (ARMT2).Build.0 = Debug|TwinCAT OS (x64-E)
		{3171212D-8FA0-4A50-924F-360007545BAB}.Debug|TwinCAT OS (ARMV7-A).ActiveCfg = Debug|TwinCAT OS (ARMV7-A)
		{3171212D-8FA0-4A50-924F-360007545BAB}.Debug|TwinCAT OS (ARMV7-A).Build.0 = Debug|TwinCAT OS (ARMV7-A)
		{3171212D-8FA0-4A50-924F-360007545BAB}.Debug|TwinCAT OS (ARMV7-M).ActiveCfg = Debug|TwinCAT OS (ARMV7-M)
		{3171212D-8FA0-4A50-924F-360007545BAB}.Debug|TwinCAT OS (ARMV7-M).Build.0 = Debug|TwinCAT OS (ARMV7-M)
		{3171212D-8FA0-4A50-924F-360007545BAB}.Debug|TwinCAT OS (ARMV8-A).ActiveCfg = Debug|TwinCAT OS (ARMV8-A)
		{3171212D-8FA0-4A50-924F-360007545BAB}.Debug|TwinCAT OS (ARMV8-A).Build.0 = Debug|TwinCAT OS (ARMV8-A)
		{3171212D-8FA0-4A50-924F-360007545BAB}.Debug|TwinCAT OS (x64).ActiveCfg = Debug|TwinCAT OS (x64)
		{3171212D-8FA0-4A50-924F-360007545BAB}.Debug|TwinCAT OS (x64).Build.0 = Debug|TwinCAT OS (x64)
		{3171212D-8FA0-4A50-924F-360007545BAB}.Debug|TwinCAT OS (x64-E).ActiveCfg = Debug|TwinCAT OS (x64-E)
		{3171212D-8FA0-4A50-924F-360007545BAB}.Debug|TwinCAT OS (x64-E).Build.0 = Debug|TwinCAT OS (x64-E)
		{3171212D-8FA0-4A50-924F-360007545BAB}.Debug|TwinCAT RT (x64).ActiveCfg = Debug|TwinCAT RT (x64)
		{3171212D-8FA0-4A50-924F-360007545BAB}.Debug|TwinCAT RT (x64).Build.0 = Debug|TwinCAT RT (x64)
		{3171212D-8FA0-4A50-924F-360007545BAB}.Debug|TwinCAT RT (x86).ActiveCfg = Debug|TwinCAT RT (x86)
		{3171212D-8FA0-4A50-924F-360007545BAB}.Debug|TwinCAT RT (x86).Build.0 = Debug|TwinCAT RT (x86)
		{3171212D-8FA0-4A50-924F-360007545BAB}.Release|TwinCAT CE7 (ARMV7).ActiveCfg = Release|TwinCAT CE7 (ARMV7)
		{3171212D-8FA0-4A50-924F-360007545BAB}.Release|TwinCAT CE7 (ARMV7).Build.0 = Release|TwinCAT CE7 (ARMV7)
		{3171212D-8FA0-4A50-924F-360007545BAB}.Release|TwinCAT HMI.ActiveCfg = Release|TwinCAT RT (x64)
		{3171212D-8FA0-4A50-924F-360007545BAB}.Release|TwinCAT HMI.Build.0 = Release|TwinCAT RT (x64)
		{3171212D-8FA0-4A50-924F-360007545BAB}.Release|TwinCAT OS (ARMT2).ActiveCfg = Release|TwinCAT OS (x64-E)
		{3171212D-8FA0-4A50-924F-360007545BAB}.Release|TwinCAT OS (ARMT2).Build.0 = Release|TwinCAT OS (x64-E)
		{3171212D-8FA0-4A50-924F-360007545BAB}.Release|TwinCAT OS (ARMV7-A).ActiveCfg = Release|TwinCAT OS (ARMV7-A)
		{3171212D-8FA0-4A50-924F-360007545BAB}.Release|TwinCAT OS (ARMV7-A).Build.0 = Release|TwinCAT OS (ARMV7-A)
		{3171212D-8FA0-4A50-924F-360007545BAB}.Release|TwinCAT OS (ARMV7-M).ActiveCfg = Release|TwinCAT OS (ARMV7-M)
		{3171212D-8FA0-4A50-924F-360007545BAB}.Release|TwinCAT OS (ARMV7-M).Build.0 = Release|TwinCAT OS (ARMV7-M)
		{3171212D-8FA0-4A50-924F-360007545BAB}.Release|TwinCAT OS (ARMV8-A).ActiveCfg = Release|TwinCAT OS (ARMV8-A)
		{3171212D-8FA0-4A50-924F-360007545BAB}.Release|TwinCAT OS (ARMV8-A).Build.0 = Release|TwinCAT OS (ARMV8-A)
		{3171212D-8FA0-4A50-924F-360007545BAB}.Release|TwinCAT OS (x64).ActiveCfg = Release|TwinCAT OS (x64)
		{3171212D-8FA0-4A50-924F-360007545BAB}.Release|TwinCAT OS (x64).Build.0 = Release|TwinCAT OS (x64)
		{3171212D-8FA0-4A50-924F-360007545BAB}.Release|TwinCAT OS (x64-E).ActiveCfg = Release|TwinCAT OS (x64-E)
		{3171212D-8FA0-4A50-924F-360007545BAB}.Release|TwinCAT OS (x64-E).Build.0 = Release|TwinCAT OS (x64-E)
		{3171212D-8FA0-4A50-924F-360007545BAB}.Release|TwinCAT RT (x64).ActiveCfg = Release|TwinCAT RT (x64)
		{3171212D-8FA0-4A50-924F-360007545BAB}.Release|TwinCAT RT (x64).Build.0 = Release|TwinCAT RT (x64)
		{3171212D-8FA0-4A50-924F-360007545BAB}.Release|TwinCAT RT (x86).ActiveCfg = Release|TwinCAT RT (x86)
		{3171212D-8FA0-4A50-924F-360007545BAB}.Release|TwinCAT RT (x86).Build.0 = Release|TwinCAT RT (x86)
		{EDB1F68C-CBA9-4F07-BA3A-5C6D36468DCA}.Debug|TwinCAT CE7 (ARMV7).ActiveCfg = Debug|TwinCAT CE7 (ARMV7)
		{EDB1F68C-CBA9-4F07-BA3A-5C6D36468DCA}.Debug|TwinCAT HMI.ActiveCfg = Debug|TwinCAT RT (x86)
		{EDB1F68C-CBA9-4F07-BA3A-5C6D36468DCA}.Debug|TwinCAT OS (ARMT2).ActiveCfg = Debug|TwinCAT OS (ARMT2)
		{EDB1F68C-CBA9-4F07-BA3A-5C6D36468DCA}.Debug|TwinCAT OS (ARMV7-A).ActiveCfg = Debug|TwinCAT CE7 (ARMV7)
		{EDB1F68C-CBA9-4F07-BA3A-5C6D36468DCA}.Debug|TwinCAT OS (ARMV7-M).ActiveCfg = Debug|TwinCAT CE7 (ARMV7)
		{EDB1F68C-CBA9-4F07-BA3A-5C6D36468DCA}.Debug|TwinCAT OS (ARMV8-A).ActiveCfg = Debug|TwinCAT CE7 (ARMV7)
		{EDB1F68C-CBA9-4F07-BA3A-5C6D36468DCA}.Debug|TwinCAT OS (x64).ActiveCfg = Debug|TwinCAT OS (x64)
		{EDB1F68C-CBA9-4F07-BA3A-5C6D36468DCA}.Debug|TwinCAT OS (x64-E).ActiveCfg = Debug|TwinCAT CE7 (ARMV7)
		{EDB1F68C-CBA9-4F07-BA3A-5C6D36468DCA}.Debug|TwinCAT RT (x64).ActiveCfg = Debug|TwinCAT RT (x64)
		{EDB1F68C-CBA9-4F07-BA3A-5C6D36468DCA}.Debug|TwinCAT RT (x86).ActiveCfg = Debug|TwinCAT RT (x86)
		{EDB1F68C-CBA9-4F07-BA3A-5C6D36468DCA}.Release|TwinCAT CE7 (ARMV7).ActiveCfg = Release|TwinCAT CE7 (ARMV7)
		{EDB1F68C-CBA9-4F07-BA3A-5C6D36468DCA}.Release|TwinCAT HMI.ActiveCfg = Release|TwinCAT RT (x86)
		{EDB1F68C-CBA9-4F07-BA3A-5C6D36468DCA}.Release|TwinCAT OS (ARMT2).ActiveCfg = Release|TwinCAT OS (ARMT2)
		{EDB1F68C-CBA9-4F07-BA3A-5C6D36468DCA}.Release|TwinCAT OS (ARMV7-A).ActiveCfg = Release|TwinCAT CE7 (ARMV7)
		{EDB1F68C-CBA9-4F07-BA3A-5C6D36468DCA}.Release|TwinCAT OS (ARMV7-M).ActiveCfg = Release|TwinCAT CE7 (ARMV7)
		{EDB1F68C-CBA9-4F07-BA3A-5C6D36468DCA}.Release|TwinCAT OS (ARMV8-A).ActiveCfg = Release|TwinCAT CE7 (ARMV7)
		{EDB1F68C-CBA9-4F07-BA3A-5C6D36468DCA}.Release|TwinCAT OS (x64).ActiveCfg = Release|TwinCAT OS (x64)
		{EDB1F68C-CBA9-4F07-BA3A-5C6D36468DCA}.Release|TwinCAT OS (x64-E).ActiveCfg = Release|TwinCAT CE7 (ARMV7)
		{EDB1F68C-CBA9-4F07-BA3A-5C6D36468DCA}.Release|TwinCAT RT (x64).ActiveCfg = Release|TwinCAT RT (x64)
		{EDB1F68C-CBA9-4F07-BA3A-5C6D36468DCA}.Release|TwinCAT RT (x86).ActiveCfg = Release|TwinCAT RT (x86)
	EndGlobalSection
	GlobalSection(SolutionProperties) = preSolution
		HideSolutionNode = FALSE
	EndGlobalSection
	GlobalSection(ExtensibilityGlobals) = postSolution
		SolutionGuid = {3F42AC3D-5210-4834-8C00-062CE02B7502}
	EndGlobalSection
EndGlobal
